
Microsoft Visual Studio Solution File, Format Version 12.00
# Visual Studio Version 17
VisualStudioVersion = 17.14.36025.13 d17.14
MinimumVisualStudioVersion = 10.0.40219.1
Project("{FAE04EC0-301F-11D3-BF4B-00C04F79EFBC}") = "if else statment", "if else statment.csproj", "{7FFD36A7-8D55-4F72-8906-9B22307B346F}"
EndProject
Global
	GlobalSection(SolutionConfigurationPlatforms) = preSolution
		Debug|Any CPU = Debug|Any CPU
		Release|Any CPU = Release|Any CPU
	EndGlobalSection
	GlobalSection(ProjectConfigurationPlatforms) = postSolution
		{7FFD36A7-8D55-4F72-8906-9B22307B346F}.Debug|Any CPU.ActiveCfg = Debug|Any CPU
		{7FFD36A7-8D55-4F72-8906-9B22307B346F}.Debug|Any CPU.Build.0 = Debug|Any CPU
		{7FFD36A7-8D55-4F72-8906-9B22307B346F}.Release|Any CPU.ActiveCfg = Release|Any CPU
		{7FFD36A7-8D55-4F72-8906-9B22307B346F}.Release|Any CPU.Build.0 = Release|Any CPU
	EndGlobalSection
	GlobalSection(SolutionProperties) = preSolution
		HideSolutionNode = FALSE
	EndGlobalSection
	GlobalSection(ExtensibilityGlobals) = postSolution
		SolutionGuid = {B5F93C3F-7497-4803-A2BC-877126356A46}
	EndGlobalSection
EndGlobal
